
Microsoft Visual Studio Solution File, Format Version 12.00
# Visual Studio Version 17
VisualStudioVersion = 17.14.36414.22 d17.14
MinimumVisualStudioVersion = 10.0.40219.1
Project("{FAE04EC0-301F-11D3-BF4B-00C04F79EFBC}") = "WebApplication2", "WebApplication2\WebApplication2.csproj", "{76655151-BC2A-4213-BE27-E6724D547B02}"
EndProject
Project("{FAE04EC0-301F-11D3-BF4B-00C04F79EFBC}") = "WebApplication2Tests", "WebApplication2Tests\WebApplication2Tests.csproj", "{8CE566E7-5D1F-407B-8C8C-8B4F1153C1E1}"
EndProject
Global
	GlobalSection(SolutionConfigurationPlatforms) = preSolution
		Debug|Any CPU = Debug|Any CPU
		Release|Any CPU = Release|Any CPU
	EndGlobalSection
	GlobalSection(ProjectConfigurationPlatforms) = postSolution
		{76655151-BC2A-4213-BE27-E6724D547B02}.Debug|Any CPU.ActiveCfg = Debug|Any CPU
		{76655151-BC2A-4213-BE27-E6724D547B02}.Debug|Any CPU.Build.0 = Debug|Any CPU
		{76655151-BC2A-4213-BE27-E6724D547B02}.Release|Any CPU.ActiveCfg = Release|Any CPU
		{76655151-BC2A-4213-BE27-E6724D547B02}.Release|Any CPU.Build.0 = Release|Any CPU
		{8CE566E7-5D1F-407B-8C8C-8B4F1153C1E1}.Debug|Any CPU.ActiveCfg = Debug|Any CPU
		{8CE566E7-5D1F-407B-8C8C-8B4F1153C1E1}.Debug|Any CPU.Build.0 = Debug|Any CPU
		{8CE566E7-5D1F-407B-8C8C-8B4F1153C1E1}.Release|Any CPU.ActiveCfg = Release|Any CPU
		{8CE566E7-5D1F-407B-8C8C-8B4F1153C1E1}.Release|Any CPU.Build.0 = Release|Any CPU
	EndGlobalSection
	GlobalSection(SolutionProperties) = preSolution
		HideSolutionNode = FALSE
	EndGlobalSection
	GlobalSection(ExtensibilityGlobals) = postSolution
		SolutionGuid = {5075740E-A447-4DFB-A8DC-F94D1A94F928}
	EndGlobalSection
EndGlobal
